
Microsoft Visual Studio Solution File, Format Version 12.00
# Visual Studio for Mac
Project("{FAE04EC0-301F-11D3-BF4B-00C04F79EFBC}") = "Assembly-CSharp-firstpass", "Assembly-CSharp-firstpass.csproj", "{BE963250-E764-4663-13AB-03978D5C1008}"
EndProject
Project("{FAE04EC0-301F-11D3-BF4B-00C04F79EFBC}") = "Assembly-CSharp", "Assembly-CSharp.csproj", "{04A06AB3-FAEE-812E-7193-FF90F702CD30}"
EndProject
Global
	GlobalSection(SolutionConfigurationPlatforms) = preSolution
		Debug|Any CPU = Debug|Any CPU
		Release|Any CPU = Release|Any CPU
	EndGlobalSection
	GlobalSection(ProjectConfigurationPlatforms) = postSolution
		{BE963250-E764-4663-13AB-03978D5C1008}.Debug|Any CPU.ActiveCfg = Debug|Any CPU
		{BE963250-E764-4663-13AB-03978D5C1008}.Debug|Any CPU.Build.0 = Debug|Any CPU
		{BE963250-E764-4663-13AB-03978D5C1008}.Release|Any CPU.ActiveCfg = Release|Any CPU
		{BE963250-E764-4663-13AB-03978D5C1008}.Release|Any CPU.Build.0 = Release|Any CPU
		{04A06AB3-FAEE-812E-7193-FF90F702CD30}.Debug|Any CPU.ActiveCfg = Debug|Any CPU
		{04A06AB3-FAEE-812E-7193-FF90F702CD30}.Debug|Any CPU.Build.0 = Debug|Any CPU
		{04A06AB3-FAEE-812E-7193-FF90F702CD30}.Release|Any CPU.ActiveCfg = Release|Any CPU
		{04A06AB3-FAEE-812E-7193-FF90F702CD30}.Release|Any CPU.Build.0 = Release|Any CPU
	EndGlobalSection
	GlobalSection(SolutionProperties) = preSolution
		HideSolutionNode = FALSE
	EndGlobalSection
EndGlobal
